
Microsoft Visual Studio Solution File, Format Version 12.00
# Visual Studio Version 17
VisualStudioVersion = 17.4.33205.214
MinimumVisualStudioVersion = 10.0.40219.1
Project("{FAE04EC0-301F-11D3-BF4B-00C04F79EFBC}") = "T2203E_CSharp", "T2203E_CSharp\T2203E_CSharp.csproj", "{631F4D5C-11C7-4C2E-810F-57D553BC8A77}"
EndProject
Global
	GlobalSection(SolutionConfigurationPlatforms) = preSolution
		Debug|Any CPU = Debug|Any CPU
		Release|Any CPU = Release|Any CPU
	EndGlobalSection
	GlobalSection(ProjectConfigurationPlatforms) = postSolution
		{631F4D5C-11C7-4C2E-810F-57D553BC8A77}.Debug|Any CPU.ActiveCfg = Debug|Any CPU
		{631F4D5C-11C7-4C2E-810F-57D553BC8A77}.Debug|Any CPU.Build.0 = Debug|Any CPU
		{631F4D5C-11C7-4C2E-810F-57D553BC8A77}.Release|Any CPU.ActiveCfg = Release|Any CPU
		{631F4D5C-11C7-4C2E-810F-57D553BC8A77}.Release|Any CPU.Build.0 = Release|Any CPU
	EndGlobalSection
	GlobalSection(SolutionProperties) = preSolution
		HideSolutionNode = FALSE
	EndGlobalSection
	GlobalSection(ExtensibilityGlobals) = postSolution
		SolutionGuid = {89C6D675-1CCC-4ACF-8AB0-EFCEE5FC9E3C}
	EndGlobalSection
EndGlobal
